// !$*UTF8*$!
{
	archiveVersion = 1;
	classes = {
	};
	objectVersion = 46;
	objects = {

/* Begin PBXBuildFile section */
		DF7AAD271CBFB81700A5E00C /* AppDelegate.swift in Sources */ = {isa = PBXBuildFile; fileRef = DF7AAD261CBFB81700A5E00C /* AppDelegate.swift */; };
		DF7AAD291CBFB81700A5E00C /* ViewController.swift in Sources */ = {isa = PBXBuildFile; fileRef = DF7AAD281CBFB81700A5E00C /* ViewController.swift */; };
		DF7AAD2C1CBFB81700A5E00C /* Main.storyboard in Resources */ = {isa = PBXBuildFile; fileRef = DF7AAD2A1CBFB81700A5E00C /* Main.storyboard */; };
		DF7AAD2E1CBFB81700A5E00C /* Assets.xcassets in Resources */ = {isa = PBXBuildFile; fileRef = DF7AAD2D1CBFB81700A5E00C /* Assets.xcassets */; };
		DF7AAD311CBFB81700A5E00C /* LaunchScreen.storyboard in Resources */ = {isa = PBXBuildFile; fileRef = DF7AAD2F1CBFB81700A5E00C /* LaunchScreen.storyboard */; };
		DF7AAD391CBFB8EF00A5E00C /* WBAdressPicker.swift in Sources */ = {isa = PBXBuildFile; fileRef = DF7AAD381CBFB8EF00A5E00C /* WBAdressPicker.swift */; };
		DFE1F2971CC087A60048DB9A /* area.plist in Resources */ = {isa = PBXBuildFile; fileRef = DFE1F2961CC087A60048DB9A /* area.plist */; };
/* End PBXBuildFile section */

/* Begin PBXFileReference section */
		DF7AAD231CBFB81700A5E00C /* WBAdressPicker.app */ = {isa = PBXFileReference; explicitFileType = wrapper.application; includeInIndex = 0; path = WBAdressPicker.app; sourceTree = BUILT_PRODUCTS_DIR; };
		DF7AAD261CBFB81700A5E00C /* AppDelegate.swift */ = {isa = PBXFileReference; lastKnownFileType = sourcecode.swift; path = AppDelegate.swift; sourceTree = "<group>"; };
		DF7AAD281CBFB81700A5E00C /* ViewController.swift */ = {isa = PBXFileReference; lastKnownFileType = sourcecode.swift; path = ViewController.swift; sourceTree = "<group>"; };
		DF7AAD2B1CBFB81700A5E00C /* Base */ = {isa = PBXFileReference; lastKnownFileType = file.storyboard; name = Base; path = Base.lproj/Main.storyboard; sourceTree = "<group>"; };
		DF7AAD2D1CBFB81700A5E00C /* Assets.xcassets */ = {isa = PBXFileReference; lastKnownFileType = folder.assetcatalog; path = Assets.xcassets; sourceTree = "<group>"; };
		DF7AAD301CBFB81700A5E00C /* Base */ = {isa = PBXFileReference; lastKnownFileType = file.storyboard; name = Base; path = Base.lproj/LaunchScreen.storyboard; sourceTree = "<group>"; };
		DF7AAD321CBFB81700A5E00C /* Info.plist */ = {isa = PBXFileReference; lastKnownFileType = text.plist.xml; path = Info.plist; sourceTree = "<group>"; };
		DF7AAD381CBFB8EF00A5E00C /* WBAdressPicker.swift */ = {isa = PBXFileReference; fileEncoding = 4; lastKnownFileType = sourcecode.swift; path = WBAdressPicker.swift; sourceTree = "<group>"; };
		DFE1F2961CC087A60048DB9A /* area.plist */ = {isa = PBXFileReference; fileEncoding = 4; lastKnownFileType = text.plist.xml; path = area.plist; sourceTree = "<group>"; };
/* End PBXFileReference section */

/* Begin PBXFrameworksBuildPhase section */
		DF7AAD201CBFB81700A5E00C /* Frameworks */ = {
			isa = PBXFrameworksBuildPhase;
			buildActionMask = 2147483647;
			files = (
			);
			runOnlyForDeploymentPostprocessing = 0;
		};
/* End PBXFrameworksBuildPhase section */

/* Begin PBXGroup section */
		DF7AAD1A1CBFB81600A5E00C = {
			isa = PBXGroup;
			children = (
				DF7AAD251CBFB81700A5E00C /* WBAdressPicker */,
				DF7AAD241CBFB81700A5E00C /* Products */,
			);
			sourceTree = "<group>";
		};
		DF7AAD241CBFB81700A5E00C /* Products */ = {
			isa = PBXGroup;
			children = (
				DF7AAD231CBFB81700A5E00C /* WBAdressPicker.app */,
			);
			name = Products;
			sourceTree = "<group>";
		};
		DF7AAD251CBFB81700A5E00C /* WBAdressPicker */ = {
			isa = PBXGroup;
			children = (
				DF7AAD261CBFB81700A5E00C /* AppDelegate.swift */,
				DF7AAD281CBFB81700A5E00C /* ViewController.swift */,
				DF7AAD381CBFB8EF00A5E00C /* WBAdressPicker.swift */,
				DFE1F2961CC087A60048DB9A /* area.plist */,
				DF7AAD2A1CBFB81700A5E00C /* Main.storyboard */,
				DF7AAD2D1CBFB81700A5E00C /* Assets.xcassets */,
				DF7AAD2F1CBFB81700A5E00C /* LaunchScreen.storyboard */,
				DF7AAD321CBFB81700A5E00C /* Info.plist */,
			);
			path = WBAdressPicker;
			sourceTree = "<group>";
		};
/* End PBXGroup section */

/* Begin PBXNativeTarget section */
		DF7AAD221CBFB81700A5E00C /* WBAdressPicker */ = {
			isa = PBXNativeTarget;
			buildConfigurationList = DF7AAD351CBFB81700A5E00C /* Build configuration list for PBXNativeTarget "WBAdressPicker" */;
			buildPhases = (
				DF7AAD1F1CBFB81700A5E00C /* Sources */,
				DF7AAD201CBFB81700A5E00C /* Frameworks */,
				DF7AAD211CBFB81700A5E00C /* Resources */,
			);
			buildRules = (
			);
			dependencies = (
			);
			name = WBAdressPicker;
			productName = WBAdressPicker;
			productReference = DF7AAD231CBFB81700A5E00C /* WBAdressPicker.app */;
			productType = "com.apple.product-type.application";
		};
/* End PBXNativeTarget section */

/* Begin PBXProject section */
		DF7AAD1B1CBFB81600A5E00C /* Project object */ = {
			isa = PBXProject;
			attributes = {
				CLASSPREFIX = WB;
				LastSwiftUpdateCheck = 0730;
				LastUpgradeCheck = 0730;
				ORGANIZATIONNAME = zwb;
				TargetAttributes = {
					DF7AAD221CBFB81700A5E00C = {
						CreatedOnToolsVersion = 7.3;
					};
				};
			};
			buildConfigurationList = DF7AAD1E1CBFB81600A5E00C /* Build configuration list for PBXProject "WBAdressPicker" */;
			compatibilityVersion = "Xcode 3.2";
			developmentRegion = English;
			hasScannedForEncodings = 0;
			knownRegions = (
				en,
				Base,
			);
			mainGroup = DF7AAD1A1CBFB81600A5E00C;
			productRefGroup = DF7AAD241CBFB81700A5E00C /* Products */;
			projectDirPath = "";
			projectRoot = "";
			targets = (
				DF7AAD221CBFB81700A5E00C /* WBAdressPicker */,
			);
		};
/* End PBXProject section */

/* Begin PBXResourcesBuildPhase section */
		DF7AAD211CBFB81700A5E00C /* Resources */ = {
			isa = PBXResourcesBuildPhase;
			buildActionMask = 2147483647;
			files = (
				DF7AAD311CBFB81700A5E00C /* LaunchScreen.storyboard in Resources */,
				DFE1F2971CC087A60048DB9A /* area.plist in Resources */,
				DF7AAD2E1CBFB81700A5E00C /* Assets.xcassets in Resources */,
				DF7AAD2C1CBFB81700A5E00C /* Main.storyboard in Resources */,
			);
			runOnlyForDeploymentPostprocessing = 0;
		};
/* End PBXResourcesBuildPhase section */

/* Begin PBXSourcesBuildPhase section */
		DF7AAD1F1CBFB81700A5E00C /* Sources */ = {
			isa = PBXSourcesBuildPhase;
			buildActionMask = 2147483647;
			files = (
				DF7AAD291CBFB81700A5E00C /* ViewController.swift in Sources */,
				DF7AAD391CBFB8EF00A5E00C /* WBAdressPicker.swift in Sources */,
				DF7AAD271CBFB81700A5E00C /* AppDelegate.swift in Sources */,
			);
			runOnlyForDeploymentPostprocessing = 0;
		};
/* End PBXSourcesBuildPhase section */

/* Begin PBXVariantGroup section */
		DF7AAD2A1CBFB81700A5E00C /* Main.storyboard */ = {
			isa = PBXVariantGroup;
			children = (
				DF7AAD2B1CBFB81700A5E00C /* Base */,
			);
			name = Main.storyboard;
			sourceTree = "<group>";
		};
		DF7AAD2F1CBFB81700A5E00C /* LaunchScreen.storyboard */ = {
			isa = PBXVariantGroup;
			children = (
				DF7AAD301CBFB81700A5E00C /* Base */,
			);
			name = LaunchScreen.storyboard;
			sourceTree = "<group>";
		};
/* End PBXVariantGroup section */

/* Begin XCBuildConfiguration section */
		DF7AAD331CBFB81700A5E00C /* Debug */ = {
			isa = XCBuildConfiguration;
			buildSettings = {
				ALWAYS_SEARCH_USER_PATHS = NO;
				CLANG_ANALYZER_NONNULL = YES;
				CLANG_CXX_LANGUAGE_STANDARD = "gnu++0x";
				CLANG_CXX_LIBRARY = "libc++";
				CLANG_ENABLE_MODULES = YES;
				CLANG_ENABLE_OBJC_ARC = YES;
				CLANG_WARN_BOOL_CONVERSION = YES;
				CLANG_WARN_CONSTANT_CONVERSION = YES;
				CLANG_WARN_DIRECT_OBJC_ISA_USAGE = YES_ERROR;
				CLANG_WARN_EMPTY_BODY = YES;
				CLANG_WARN_ENUM_CONVERSION = YES;
				CLANG_WARN_INT_CONVERSION = YES;
				CLANG_WARN_OBJC_ROOT_CLASS = YES_ERROR;
				CLANG_WARN_UNREACHABLE_CODE = YES;
				CLANG_WARN__DUPLICATE_METHOD_MATCH = YES;
				"CODE_SIGN_IDENTITY[sdk=iphoneos*]" = "iPhone Developer";
				COPY_PHASE_STRIP = NO;
				DEBUG_INFORMATION_FORMAT = dwarf;
				ENABLE_STRICT_OBJC_MSGSEND = YES;
				ENABLE_TESTABILITY = YES;
				GCC_C_LANGUAGE_STANDARD = gnu99;
				GCC_DYNAMIC_NO_PIC = NO;
				GCC_NO_COMMON_BLOCKS = YES;
				GCC_OPTIMIZATION_LEVEL = 0;
				GCC_PREPROCESSOR_DEFINITIONS = (
					"DEBUG=1",
					"$(inherited)",
				);
				GCC_WARN_64_TO_32_BIT_CONVERSION = YES;
				GCC_WARN_ABOUT_RETURN_TYPE = YES_ERROR;
				GCC_WARN_UNDECLARED_SELECTOR = YES;
				GCC_WARN_UNINITIALIZED_AUTOS = YES_AGGRESSIVE;
				GCC_WARN_UNUSED_FUNCTION = YES;
				GCC_WARN_UNUSED_VARIABLE = YES;
				IPHONEOS_DEPLOYMENT_TARGET = 9.3;
				MTL_ENABLE_DEBUG_INFO = YES;
				ONLY_ACTIVE_ARCH = YES;
				SDKROOT = iphoneos;
				SWIFT_OPTIMIZATION_LEVEL = "-Onone";
			};
			name = Debug;
		};
		DF7AAD341CBFB81700A5E00C /* Release */ = {
			isa = XCBuildConfiguration;
			buildSettings = {
				ALWAYS_SEARCH_USER_PATHS = NO;
				CLANG_ANALYZER_NONNULL = YES;
				CLANG_CXX_LANGUAGE_STANDARD = "gnu++0x";
				CLANG_CXX_LIBRARY = "libc++";
				CLANG_ENABLE_MODULES = YES;
				CLANG_ENABLE_OBJC_ARC = YES;
				CLANG_WARN_BOOL_CONVERSION = YES;
				CLANG_WARN_CONSTANT_CONVERSION = YES;
				CLANG_WARN_DIRECT_OBJC_ISA_USAGE = YES_ERROR;
				CLANG_WARN_EMPTY_BODY = YES;
				CLANG_WARN_ENUM_CONVERSION = YES;
				CLANG_WARN_INT_CONVERSION = YES;
				CLANG_WARN_OBJC_ROOT_CLASS = YES_ERROR;
				CLANG_WARN_UNREACHABLE_CODE = YES;
				CLANG_WARN__DUPLICATE_METHOD_MATCH = YES;
				"CODE_SIGN_IDENTITY[sdk=iphoneos*]" = "iPhone Developer";
				COPY_PHASE_STRIP = NO;
				DEBUG_INFORMATION_FORMAT = "dwarf-with-dsym";
				ENABLE_NS_ASSERTIONS = NO;
				ENABLE_STRICT_OBJC_MSGSEND = YES;
				GCC_C_LANGUAGE_STANDARD = gnu99;
				GCC_NO_COMMON_BLOCKS = YES;
				GCC_WARN_64_TO_32_BIT_CONVERSION = YES;
				GCC_WARN_ABOUT_RETURN_TYPE = YES_ERROR;
				GCC_WARN_UNDECLARED_SELECTOR = YES;
				GCC_WARN_UNINITIALIZED_AUTOS = YES_AGGRESSIVE;
				GCC_WARN_UNUSED_FUNCTION = YES;
				GCC_WARN_UNUSED_VARIABLE = YES;
				IPHONEOS_DEPLOYMENT_TARGET = 9.3;
				MTL_ENABLE_DEBUG_INFO = NO;
				SDKROOT = iphoneos;
				VALIDATE_PRODUCT = YES;
			};
			name = Release;
		};
		DF7AAD361CBFB81700A5E00C /* Debug */ = {
			isa = XCBuildConfiguration;
			buildSettings = {
				ASSETCATALOG_COMPILER_APPICON_NAME = AppIcon;
				INFOPLIST_FILE = WBAdressPicker/Info.plist;
				LD_RUNPATH_SEARCH_PATHS = "$(inherited) @executable_path/Frameworks";
				PRODUCT_BUNDLE_IDENTIFIER = com.WBAdressPicker;
				PRODUCT_NAME = "$(TARGET_NAME)";
			};
			name = Debug;
		};
		DF7AAD371CBFB81700A5E00C /* Release */ = {
			isa = XCBuildConfiguration;
			buildSettings = {
				ASSETCATALOG_COMPILER_APPICON_NAME = AppIcon;
				INFOPLIST_FILE = WBAdressPicker/Info.plist;
				LD_RUNPATH_SEARCH_PATHS = "$(inherited) @executable_path/Frameworks";
				PRODUCT_BUNDLE_IDENTIFIER = com.WBAdressPicker;
				PRODUCT_NAME = "$(TARGET_NAME)";
			};
			name = Release;
		};
/* End XCBuildConfiguration section */

/* Begin XCConfigurationList section */
		DF7AAD1E1CBFB81600A5E00C /* Build configuration list for PBXProject "WBAdressPicker" */ = {
			isa = XCConfigurationList;
			buildConfigurations = (
				DF7AAD331CBFB81700A5E00C /* Debug */,
				DF7AAD341CBFB81700A5E00C /* Release */,
			);
			defaultConfigurationIsVisible = 0;
			defaultConfigurationName = Release;
		};
		DF7AAD351CBFB81700A5E00C /* Build configuration list for PBXNativeTarget "WBAdressPicker" */ = {
			isa = XCConfigurationList;
			buildConfigurations = (
				DF7AAD361CBFB81700A5E00C /* Debug */,
				DF7AAD371CBFB81700A5E00C /* Release */,
			);
			defaultConfigurationIsVisible = 0;
			defaultConfigurationName = Release;
		};
/* End XCConfigurationList section */
	};
	rootObject = DF7AAD1B1CBFB81600A5E00C /* Project object */;
}
